
Microsoft Visual Studio Solution File, Format Version 12.00
# Visual Studio Version 17
VisualStudioVersion = 17.10.34707.107
MinimumVisualStudioVersion = 10.0.40219.1
Project("{9A19103F-16F7-4668-BE54-9A1E7A4F7556}") = "RhDev.Common.Web.Core", "RhDev.Common.Web.Core\RhDev.Common.Web.Core.csproj", "{7E902A8C-E356-4C08-A2EF-AF730E33BCF1}"
EndProject
Project("{9A19103F-16F7-4668-BE54-9A1E7A4F7556}") = "RhDev.Common.Web.Core.DataAccess", "RhDev.Common.Web.Core.DataAccess\RhDev.Common.Web.Core.DataAccess.csproj", "{6FE20435-8864-43FC-98AE-9B80832C4124}"
EndProject
Project("{9A19103F-16F7-4668-BE54-9A1E7A4F7556}") = "RhDev.Common.Web.Core.DataAccess.Sql", "RhDev.Common.Web.Core.DataAccess.Sql\RhDev.Common.Web.Core.DataAccess.Sql.csproj", "{C2E6568E-1E8B-44E4-8DBF-1A16FFCA87A5}"
EndProject
Project("{9A19103F-16F7-4668-BE54-9A1E7A4F7556}") = "RhDev.Common.Web.Core.Impl", "RhDev.Common.Web.Core.Impl\RhDev.Common.Web.Core.Impl.csproj", "{B88916EC-D11E-4F15-89F7-68CF630D4ACB}"
EndProject
Project("{9A19103F-16F7-4668-BE54-9A1E7A4F7556}") = "RhDev.Common.Web.Core.Test", "RhDev.Common.Web.Core.Test\RhDev.Common.Web.Core.Test.csproj", "{50BF75B9-C089-40E8-95D7-DB2E938FFFB2}"
EndProject
Project("{9A19103F-16F7-4668-BE54-9A1E7A4F7556}") = "RhDev.Customer.Component.App", "RhDev.Customer.Component.App\RhDev.Customer.Component.App.csproj", "{2CAB8C06-9745-4B0E-B722-5C2077EB913C}"
EndProject
Project("{2150E333-8FDC-42A3-9474-1A3956D46DE8}") = "Core", "Core", "{FEEF726E-38AF-4E9E-9769-507F95042691}"
EndProject
Project("{2150E333-8FDC-42A3-9474-1A3956D46DE8}") = "App", "App", "{F8ED4605-1984-4CFC-B30A-31BBAC730348}"
EndProject
Project("{9A19103F-16F7-4668-BE54-9A1E7A4F7556}") = "RhDev.Customer.Component.Core.Impl", "RhDev.Customer.Component.Core.Impl\RhDev.Customer.Component.Core.Impl.csproj", "{E865A9E8-9024-4B7E-9AF8-6C47C4C721EA}"
EndProject
Project("{2150E333-8FDC-42A3-9474-1A3956D46DE8}") = "Workflow", "Workflow", "{788C09C6-0486-4D6D-A5E1-1C758482D47E}"
EndProject
Project("{9A19103F-16F7-4668-BE54-9A1E7A4F7556}") = "RhDev.Common.Workflow.Core", "RhDev.Common.Workflow.Core\RhDev.Common.Workflow.Core.csproj", "{F5D3647D-352D-4846-B811-C2851887EED9}"
EndProject
Project("{9A19103F-16F7-4668-BE54-9A1E7A4F7556}") = "RhDev.Common.Workflow.Core.DataAccess", "RhDev.Common.Workflow.Core.DataAccess\RhDev.Common.Workflow.Core.DataAccess.csproj", "{4312C70B-D646-454E-8F84-ABF6A25DDC89}"
EndProject
Project("{9A19103F-16F7-4668-BE54-9A1E7A4F7556}") = "RhDev.Common.Workflow.Core.DataAccess.Sql", "RhDev.Common.Workflow.Core.DataAccess.Sql\RhDev.Common.Workflow.Core.DataAccess.Sql.csproj", "{B2DF5526-59EF-4069-A7C5-88D87E2E3739}"
EndProject
Project("{9A19103F-16F7-4668-BE54-9A1E7A4F7556}") = "RhDev.Common.Workflow.Core.Impl", "RhDev.Common.Workflow.Core.Impl\RhDev.Common.Workflow.Core.Impl.csproj", "{AFB02864-DEA9-4497-9A22-AE78197D18AA}"
EndProject
Project("{9A19103F-16F7-4668-BE54-9A1E7A4F7556}") = "RhDev.Common.Workflow.Core.Test", "RhDev.Common.Workflow.Core.Test\RhDev.Common.Workflow.Core.Test.csproj", "{26D92E16-6A6A-4AD5-A767-D14AAC5432BE}"
EndProject
Project("{2150E333-8FDC-42A3-9474-1A3956D46DE8}") = "_jobs", "_jobs", "{39EB9D40-1B68-4EC2-8BD5-C8762F7B57D7}"
EndProject
Project("{2150E333-8FDC-42A3-9474-1A3956D46DE8}") = "WfService", "WfService", "{C099897C-4024-418D-95B1-61C2D637BCB9}"
EndProject
Project("{FAE04EC0-301F-11D3-BF4B-00C04F79EFBC}") = "RhDev.Customer.Workflow.Jobs.Cleanup", "RhDev.Customer.Workflow.Jobs.Cleanup\RhDev.Customer.Workflow.Jobs.Cleanup.csproj", "{4E032889-3BB8-4229-B078-0E0F8239553D}"
EndProject
Project("{FAE04EC0-301F-11D3-BF4B-00C04F79EFBC}") = "RhDev.Customer.Workflow.Jobs.FailedRequests", "RhDev.Customer.Workflow.Jobs.FailedRequests\RhDev.Customer.Workflow.Jobs.FailedRequests.csproj", "{6142A17B-FEE7-48C2-BDAE-06F949A47971}"
EndProject
Project("{FAE04EC0-301F-11D3-BF4B-00C04F79EFBC}") = "RhDev.Customer.Workflow.Jobs.WorkflowRunner", "RhDev.Customer.Workflow.Jobs.WorkflowRunner\RhDev.Customer.Workflow.Jobs.WorkflowRunner.csproj", "{E3DE6AD4-A68A-41BA-8914-73BCF1B65E7A}"
EndProject
Global
	GlobalSection(SolutionConfigurationPlatforms) = preSolution
		Debug|Any CPU = Debug|Any CPU
		Release|Any CPU = Release|Any CPU
	EndGlobalSection
	GlobalSection(ProjectConfigurationPlatforms) = postSolution
		{7E902A8C-E356-4C08-A2EF-AF730E33BCF1}.Debug|Any CPU.ActiveCfg = Debug|Any CPU
		{7E902A8C-E356-4C08-A2EF-AF730E33BCF1}.Debug|Any CPU.Build.0 = Debug|Any CPU
		{7E902A8C-E356-4C08-A2EF-AF730E33BCF1}.Release|Any CPU.ActiveCfg = Release|Any CPU
		{7E902A8C-E356-4C08-A2EF-AF730E33BCF1}.Release|Any CPU.Build.0 = Release|Any CPU
		{6FE20435-8864-43FC-98AE-9B80832C4124}.Debug|Any CPU.ActiveCfg = Debug|Any CPU
		{6FE20435-8864-43FC-98AE-9B80832C4124}.Debug|Any CPU.Build.0 = Debug|Any CPU
		{6FE20435-8864-43FC-98AE-9B80832C4124}.Release|Any CPU.ActiveCfg = Release|Any CPU
		{6FE20435-8864-43FC-98AE-9B80832C4124}.Release|Any CPU.Build.0 = Release|Any CPU
		{C2E6568E-1E8B-44E4-8DBF-1A16FFCA87A5}.Debug|Any CPU.ActiveCfg = Debug|Any CPU
		{C2E6568E-1E8B-44E4-8DBF-1A16FFCA87A5}.Debug|Any CPU.Build.0 = Debug|Any CPU
		{C2E6568E-1E8B-44E4-8DBF-1A16FFCA87A5}.Release|Any CPU.ActiveCfg = Release|Any CPU
		{C2E6568E-1E8B-44E4-8DBF-1A16FFCA87A5}.Release|Any CPU.Build.0 = Release|Any CPU
		{B88916EC-D11E-4F15-89F7-68CF630D4ACB}.Debug|Any CPU.ActiveCfg = Debug|Any CPU
		{B88916EC-D11E-4F15-89F7-68CF630D4ACB}.Debug|Any CPU.Build.0 = Debug|Any CPU
		{B88916EC-D11E-4F15-89F7-68CF630D4ACB}.Release|Any CPU.ActiveCfg = Release|Any CPU
		{B88916EC-D11E-4F15-89F7-68CF630D4ACB}.Release|Any CPU.Build.0 = Release|Any CPU
		{50BF75B9-C089-40E8-95D7-DB2E938FFFB2}.Debug|Any CPU.ActiveCfg = Debug|Any CPU
		{50BF75B9-C089-40E8-95D7-DB2E938FFFB2}.Debug|Any CPU.Build.0 = Debug|Any CPU
		{50BF75B9-C089-40E8-95D7-DB2E938FFFB2}.Release|Any CPU.ActiveCfg = Release|Any CPU
		{50BF75B9-C089-40E8-95D7-DB2E938FFFB2}.Release|Any CPU.Build.0 = Release|Any CPU
		{2CAB8C06-9745-4B0E-B722-5C2077EB913C}.Debug|Any CPU.ActiveCfg = Debug|Any CPU
		{2CAB8C06-9745-4B0E-B722-5C2077EB913C}.Debug|Any CPU.Build.0 = Debug|Any CPU
		{2CAB8C06-9745-4B0E-B722-5C2077EB913C}.Release|Any CPU.ActiveCfg = Release|Any CPU
		{2CAB8C06-9745-4B0E-B722-5C2077EB913C}.Release|Any CPU.Build.0 = Release|Any CPU
		{E865A9E8-9024-4B7E-9AF8-6C47C4C721EA}.Debug|Any CPU.ActiveCfg = Debug|Any CPU
		{E865A9E8-9024-4B7E-9AF8-6C47C4C721EA}.Debug|Any CPU.Build.0 = Debug|Any CPU
		{E865A9E8-9024-4B7E-9AF8-6C47C4C721EA}.Release|Any CPU.ActiveCfg = Release|Any CPU
		{E865A9E8-9024-4B7E-9AF8-6C47C4C721EA}.Release|Any CPU.Build.0 = Release|Any CPU
		{F5D3647D-352D-4846-B811-C2851887EED9}.Debug|Any CPU.ActiveCfg = Debug|Any CPU
		{F5D3647D-352D-4846-B811-C2851887EED9}.Debug|Any CPU.Build.0 = Debug|Any CPU
		{F5D3647D-352D-4846-B811-C2851887EED9}.Release|Any CPU.ActiveCfg = Release|Any CPU
		{F5D3647D-352D-4846-B811-C2851887EED9}.Release|Any CPU.Build.0 = Release|Any CPU
		{4312C70B-D646-454E-8F84-ABF6A25DDC89}.Debug|Any CPU.ActiveCfg = Debug|Any CPU
		{4312C70B-D646-454E-8F84-ABF6A25DDC89}.Debug|Any CPU.Build.0 = Debug|Any CPU
		{4312C70B-D646-454E-8F84-ABF6A25DDC89}.Release|Any CPU.ActiveCfg = Release|Any CPU
		{4312C70B-D646-454E-8F84-ABF6A25DDC89}.Release|Any CPU.Build.0 = Release|Any CPU
		{B2DF5526-59EF-4069-A7C5-88D87E2E3739}.Debug|Any CPU.ActiveCfg = Debug|Any CPU
		{B2DF5526-59EF-4069-A7C5-88D87E2E3739}.Debug|Any CPU.Build.0 = Debug|Any CPU
		{B2DF5526-59EF-4069-A7C5-88D87E2E3739}.Release|Any CPU.ActiveCfg = Release|Any CPU
		{B2DF5526-59EF-4069-A7C5-88D87E2E3739}.Release|Any CPU.Build.0 = Release|Any CPU
		{AFB02864-DEA9-4497-9A22-AE78197D18AA}.Debug|Any CPU.ActiveCfg = Debug|Any CPU
		{AFB02864-DEA9-4497-9A22-AE78197D18AA}.Debug|Any CPU.Build.0 = Debug|Any CPU
		{AFB02864-DEA9-4497-9A22-AE78197D18AA}.Release|Any CPU.ActiveCfg = Release|Any CPU
		{AFB02864-DEA9-4497-9A22-AE78197D18AA}.Release|Any CPU.Build.0 = Release|Any CPU
		{26D92E16-6A6A-4AD5-A767-D14AAC5432BE}.Debug|Any CPU.ActiveCfg = Debug|Any CPU
		{26D92E16-6A6A-4AD5-A767-D14AAC5432BE}.Debug|Any CPU.Build.0 = Debug|Any CPU
		{26D92E16-6A6A-4AD5-A767-D14AAC5432BE}.Release|Any CPU.ActiveCfg = Release|Any CPU
		{26D92E16-6A6A-4AD5-A767-D14AAC5432BE}.Release|Any CPU.Build.0 = Release|Any CPU
		{4E032889-3BB8-4229-B078-0E0F8239553D}.Debug|Any CPU.ActiveCfg = Debug|Any CPU
		{4E032889-3BB8-4229-B078-0E0F8239553D}.Debug|Any CPU.Build.0 = Debug|Any CPU
		{4E032889-3BB8-4229-B078-0E0F8239553D}.Release|Any CPU.ActiveCfg = Release|Any CPU
		{4E032889-3BB8-4229-B078-0E0F8239553D}.Release|Any CPU.Build.0 = Release|Any CPU
		{6142A17B-FEE7-48C2-BDAE-06F949A47971}.Debug|Any CPU.ActiveCfg = Debug|Any CPU
		{6142A17B-FEE7-48C2-BDAE-06F949A47971}.Debug|Any CPU.Build.0 = Debug|Any CPU
		{6142A17B-FEE7-48C2-BDAE-06F949A47971}.Release|Any CPU.ActiveCfg = Release|Any CPU
		{6142A17B-FEE7-48C2-BDAE-06F949A47971}.Release|Any CPU.Build.0 = Release|Any CPU
		{E3DE6AD4-A68A-41BA-8914-73BCF1B65E7A}.Debug|Any CPU.ActiveCfg = Debug|Any CPU
		{E3DE6AD4-A68A-41BA-8914-73BCF1B65E7A}.Debug|Any CPU.Build.0 = Debug|Any CPU
		{E3DE6AD4-A68A-41BA-8914-73BCF1B65E7A}.Release|Any CPU.ActiveCfg = Release|Any CPU
		{E3DE6AD4-A68A-41BA-8914-73BCF1B65E7A}.Release|Any CPU.Build.0 = Release|Any CPU
	EndGlobalSection
	GlobalSection(SolutionProperties) = preSolution
		HideSolutionNode = FALSE
	EndGlobalSection
	GlobalSection(NestedProjects) = preSolution
		{7E902A8C-E356-4C08-A2EF-AF730E33BCF1} = {FEEF726E-38AF-4E9E-9769-507F95042691}
		{6FE20435-8864-43FC-98AE-9B80832C4124} = {FEEF726E-38AF-4E9E-9769-507F95042691}
		{C2E6568E-1E8B-44E4-8DBF-1A16FFCA87A5} = {FEEF726E-38AF-4E9E-9769-507F95042691}
		{B88916EC-D11E-4F15-89F7-68CF630D4ACB} = {FEEF726E-38AF-4E9E-9769-507F95042691}
		{50BF75B9-C089-40E8-95D7-DB2E938FFFB2} = {FEEF726E-38AF-4E9E-9769-507F95042691}
		{2CAB8C06-9745-4B0E-B722-5C2077EB913C} = {F8ED4605-1984-4CFC-B30A-31BBAC730348}
		{E865A9E8-9024-4B7E-9AF8-6C47C4C721EA} = {F8ED4605-1984-4CFC-B30A-31BBAC730348}
		{F5D3647D-352D-4846-B811-C2851887EED9} = {788C09C6-0486-4D6D-A5E1-1C758482D47E}
		{4312C70B-D646-454E-8F84-ABF6A25DDC89} = {788C09C6-0486-4D6D-A5E1-1C758482D47E}
		{B2DF5526-59EF-4069-A7C5-88D87E2E3739} = {788C09C6-0486-4D6D-A5E1-1C758482D47E}
		{AFB02864-DEA9-4497-9A22-AE78197D18AA} = {788C09C6-0486-4D6D-A5E1-1C758482D47E}
		{26D92E16-6A6A-4AD5-A767-D14AAC5432BE} = {788C09C6-0486-4D6D-A5E1-1C758482D47E}
		{39EB9D40-1B68-4EC2-8BD5-C8762F7B57D7} = {F8ED4605-1984-4CFC-B30A-31BBAC730348}
		{C099897C-4024-418D-95B1-61C2D637BCB9} = {39EB9D40-1B68-4EC2-8BD5-C8762F7B57D7}
		{4E032889-3BB8-4229-B078-0E0F8239553D} = {C099897C-4024-418D-95B1-61C2D637BCB9}
		{6142A17B-FEE7-48C2-BDAE-06F949A47971} = {C099897C-4024-418D-95B1-61C2D637BCB9}
		{E3DE6AD4-A68A-41BA-8914-73BCF1B65E7A} = {C099897C-4024-418D-95B1-61C2D637BCB9}
	EndGlobalSection
	GlobalSection(ExtensibilityGlobals) = postSolution
		SolutionGuid = {80ADA8D8-4946-450F-8A6E-A94BB7EC52DA}
	EndGlobalSection
EndGlobal
